
Microsoft Visual Studio Solution File, Format Version 12.00
# Visual Studio Version 16
VisualStudioVersion = 16.0.30114.105
MinimumVisualStudioVersion = 10.0.40219.1
Project("{FAE04EC0-301F-11D3-BF4B-00C04F79EFBC}") = "hesap", "hesap\hesap.csproj", "{CC103104-B857-4B12-9B77-0C6355572AA0}"
EndProject
Global
	GlobalSection(SolutionConfigurationPlatforms) = preSolution
		Debug|Any CPU = Debug|Any CPU
		Release|Any CPU = Release|Any CPU
	EndGlobalSection
	GlobalSection(ProjectConfigurationPlatforms) = postSolution
		{CC103104-B857-4B12-9B77-0C6355572AA0}.Debug|Any CPU.ActiveCfg = Debug|Any CPU
		{CC103104-B857-4B12-9B77-0C6355572AA0}.Debug|Any CPU.Build.0 = Debug|Any CPU
		{CC103104-B857-4B12-9B77-0C6355572AA0}.Release|Any CPU.ActiveCfg = Release|Any CPU
		{CC103104-B857-4B12-9B77-0C6355572AA0}.Release|Any CPU.Build.0 = Release|Any CPU
	EndGlobalSection
	GlobalSection(SolutionProperties) = preSolution
		HideSolutionNode = FALSE
	EndGlobalSection
	GlobalSection(ExtensibilityGlobals) = postSolution
		SolutionGuid = {FE4AADBF-F1D8-4F9B-B69B-78DC1FAEEC74}
	EndGlobalSection
EndGlobal
